
Microsoft Visual Studio Solution File, Format Version 12.00
Project("{FAE04EC0-301F-11D3-BF4B-00C04F79EFBC}") = "task3_csharp", "task3_csharp\task3_csharp.csproj", "{F6EABA5C-D470-4AAA-8370-5BC7EDF458ED}"
EndProject
Global
	GlobalSection(SolutionConfigurationPlatforms) = preSolution
		Debug|Any CPU = Debug|Any CPU
		Release|Any CPU = Release|Any CPU
	EndGlobalSection
	GlobalSection(ProjectConfigurationPlatforms) = postSolution
		{F6EABA5C-D470-4AAA-8370-5BC7EDF458ED}.Debug|Any CPU.ActiveCfg = Debug|Any CPU
		{F6EABA5C-D470-4AAA-8370-5BC7EDF458ED}.Debug|Any CPU.Build.0 = Debug|Any CPU
		{F6EABA5C-D470-4AAA-8370-5BC7EDF458ED}.Release|Any CPU.ActiveCfg = Release|Any CPU
		{F6EABA5C-D470-4AAA-8370-5BC7EDF458ED}.Release|Any CPU.Build.0 = Release|Any CPU
	EndGlobalSection
EndGlobal
